
Microsoft Visual Studio Solution File, Format Version 12.00
# Visual Studio Version 16
VisualStudioVersion = 16.0.31702.278
MinimumVisualStudioVersion = 10.0.40219.1
Project("{FAE04EC0-301F-11D3-BF4B-00C04F79EFBC}") = "Api-projeto-Zenvia", "Api-projeto-Zenvia.csproj", "{5C7A9796-8F43-47A3-B0AA-E2959DF7FE40}"
EndProject
Global
	GlobalSection(SolutionConfigurationPlatforms) = preSolution
		Debug|Any CPU = Debug|Any CPU
		Release|Any CPU = Release|Any CPU
	EndGlobalSection
	GlobalSection(ProjectConfigurationPlatforms) = postSolution
		{5C7A9796-8F43-47A3-B0AA-E2959DF7FE40}.Debug|Any CPU.ActiveCfg = Debug|Any CPU
		{5C7A9796-8F43-47A3-B0AA-E2959DF7FE40}.Debug|Any CPU.Build.0 = Debug|Any CPU
		{5C7A9796-8F43-47A3-B0AA-E2959DF7FE40}.Release|Any CPU.ActiveCfg = Release|Any CPU
		{5C7A9796-8F43-47A3-B0AA-E2959DF7FE40}.Release|Any CPU.Build.0 = Release|Any CPU
	EndGlobalSection
	GlobalSection(SolutionProperties) = preSolution
		HideSolutionNode = FALSE
	EndGlobalSection
	GlobalSection(ExtensibilityGlobals) = postSolution
		SolutionGuid = {52CE95CE-C81C-4918-9AEF-DEA8FE58BB69}
	EndGlobalSection
EndGlobal
